
Microsoft Visual Studio Solution File, Format Version 12.00
# Visual Studio 15
VisualStudioVersion = 15.0.28307.329
MinimumVisualStudioVersion = 10.0.40219.1
Project("{9A19103F-16F7-4668-BE54-9A1E7A4F7556}") = "LibraryManagement", "LibraryManagement\LibraryManagement.csproj", "{3E5A9B29-C32A-439C-9B13-75E468D40663}"
EndProject
Project("{9A19103F-16F7-4668-BE54-9A1E7A4F7556}") = "LibraryData", "LibraryData\LibraryData.csproj", "{0B563AC1-00AF-4173-AA7E-D94649FC2799}"
EndProject
Project("{FAE04EC0-301F-11D3-BF4B-00C04F79EFBC}") = "LibraryServices", "LibraryServices\LibraryServices.csproj", "{0559A781-48EB-4F98-9675-934EB2EF0F23}"
EndProject
Project("{FAE04EC0-301F-11D3-BF4B-00C04F79EFBC}") = "Library.Tests", "Library.Tests\Library.Tests.csproj", "{AF13163B-85F3-4157-A2DD-F5DC6B049737}"
EndProject
Global
	GlobalSection(SolutionConfigurationPlatforms) = preSolution
		Debug|Any CPU = Debug|Any CPU
		Release|Any CPU = Release|Any CPU
	EndGlobalSection
	GlobalSection(ProjectConfigurationPlatforms) = postSolution
		{3E5A9B29-C32A-439C-9B13-75E468D40663}.Debug|Any CPU.ActiveCfg = Debug|Any CPU
		{3E5A9B29-C32A-439C-9B13-75E468D40663}.Debug|Any CPU.Build.0 = Debug|Any CPU
		{3E5A9B29-C32A-439C-9B13-75E468D40663}.Release|Any CPU.ActiveCfg = Release|Any CPU
		{3E5A9B29-C32A-439C-9B13-75E468D40663}.Release|Any CPU.Build.0 = Release|Any CPU
		{0B563AC1-00AF-4173-AA7E-D94649FC2799}.Debug|Any CPU.ActiveCfg = Debug|Any CPU
		{0B563AC1-00AF-4173-AA7E-D94649FC2799}.Debug|Any CPU.Build.0 = Debug|Any CPU
		{0B563AC1-00AF-4173-AA7E-D94649FC2799}.Release|Any CPU.ActiveCfg = Release|Any CPU
		{0B563AC1-00AF-4173-AA7E-D94649FC2799}.Release|Any CPU.Build.0 = Release|Any CPU
		{0559A781-48EB-4F98-9675-934EB2EF0F23}.Debug|Any CPU.ActiveCfg = Debug|Any CPU
		{0559A781-48EB-4F98-9675-934EB2EF0F23}.Debug|Any CPU.Build.0 = Debug|Any CPU
		{0559A781-48EB-4F98-9675-934EB2EF0F23}.Release|Any CPU.ActiveCfg = Release|Any CPU
		{0559A781-48EB-4F98-9675-934EB2EF0F23}.Release|Any CPU.Build.0 = Release|Any CPU
		{AF13163B-85F3-4157-A2DD-F5DC6B049737}.Debug|Any CPU.ActiveCfg = Debug|Any CPU
		{AF13163B-85F3-4157-A2DD-F5DC6B049737}.Debug|Any CPU.Build.0 = Debug|Any CPU
		{AF13163B-85F3-4157-A2DD-F5DC6B049737}.Release|Any CPU.ActiveCfg = Release|Any CPU
		{AF13163B-85F3-4157-A2DD-F5DC6B049737}.Release|Any CPU.Build.0 = Release|Any CPU
	EndGlobalSection
	GlobalSection(SolutionProperties) = preSolution
		HideSolutionNode = FALSE
	EndGlobalSection
	GlobalSection(ExtensibilityGlobals) = postSolution
		SolutionGuid = {CFA171AC-5735-41C9-91F6-2E9295739E15}
	EndGlobalSection
EndGlobal
